
Microsoft Visual Studio Solution File, Format Version 12.00
# Visual Studio Version 16
VisualStudioVersion = 16.0.30128.74
MinimumVisualStudioVersion = 10.0.40219.1
Project("{9A19103F-16F7-4668-BE54-9A1E7A4F7556}") = "Primality.Test", "Primality.Test\Primality.Test.csproj", "{6DD4B3F3-4F2D-4CD0-AA38-1034114ABF87}"
EndProject
Project("{9A19103F-16F7-4668-BE54-9A1E7A4F7556}") = "Primality", "Primality\Primality.csproj", "{CC1931E4-5074-47B5-848F-DA960621442B}"
EndProject
Global
	GlobalSection(SolutionConfigurationPlatforms) = preSolution
		Debug|Any CPU = Debug|Any CPU
		Release|Any CPU = Release|Any CPU
	EndGlobalSection
	GlobalSection(ProjectConfigurationPlatforms) = postSolution
		{6DD4B3F3-4F2D-4CD0-AA38-1034114ABF87}.Debug|Any CPU.ActiveCfg = Debug|Any CPU
		{6DD4B3F3-4F2D-4CD0-AA38-1034114ABF87}.Debug|Any CPU.Build.0 = Debug|Any CPU
		{6DD4B3F3-4F2D-4CD0-AA38-1034114ABF87}.Release|Any CPU.ActiveCfg = Release|Any CPU
		{6DD4B3F3-4F2D-4CD0-AA38-1034114ABF87}.Release|Any CPU.Build.0 = Release|Any CPU
		{CC1931E4-5074-47B5-848F-DA960621442B}.Debug|Any CPU.ActiveCfg = Debug|Any CPU
		{CC1931E4-5074-47B5-848F-DA960621442B}.Debug|Any CPU.Build.0 = Debug|Any CPU
		{CC1931E4-5074-47B5-848F-DA960621442B}.Release|Any CPU.ActiveCfg = Release|Any CPU
		{CC1931E4-5074-47B5-848F-DA960621442B}.Release|Any CPU.Build.0 = Release|Any CPU
	EndGlobalSection
	GlobalSection(SolutionProperties) = preSolution
		HideSolutionNode = FALSE
	EndGlobalSection
	GlobalSection(ExtensibilityGlobals) = postSolution
		SolutionGuid = {2B92C148-8736-4081-9436-2A849B32121D}
	EndGlobalSection
EndGlobal
